
Microsoft Visual Studio Solution File, Format Version 12.00
# Visual Studio Version 17
VisualStudioVersion = 17.14.36221.1 d17.14
MinimumVisualStudioVersion = 10.0.40219.1
Project("{FAE04EC0-301F-11D3-BF4B-00C04F79EFBC}") = "Tanna sir", "Tanna sir.csproj", "{8D7759AF-F9A6-4842-A102-58E8783D92C3}"
EndProject
Global
	GlobalSection(SolutionConfigurationPlatforms) = preSolution
		Debug|Any CPU = Debug|Any CPU
		Release|Any CPU = Release|Any CPU
	EndGlobalSection
	GlobalSection(ProjectConfigurationPlatforms) = postSolution
		{8D7759AF-F9A6-4842-A102-58E8783D92C3}.Debug|Any CPU.ActiveCfg = Debug|Any CPU
		{8D7759AF-F9A6-4842-A102-58E8783D92C3}.Debug|Any CPU.Build.0 = Debug|Any CPU
		{8D7759AF-F9A6-4842-A102-58E8783D92C3}.Release|Any CPU.ActiveCfg = Release|Any CPU
		{8D7759AF-F9A6-4842-A102-58E8783D92C3}.Release|Any CPU.Build.0 = Release|Any CPU
	EndGlobalSection
	GlobalSection(SolutionProperties) = preSolution
		HideSolutionNode = FALSE
	EndGlobalSection
	GlobalSection(ExtensibilityGlobals) = postSolution
		SolutionGuid = {957FB2A4-5DA0-455E-80CC-B3D4A3214FC6}
	EndGlobalSection
EndGlobal
